
Microsoft Visual Studio Solution File, Format Version 12.00
# Visual Studio 2012
Project("{FAE04EC0-301F-11D3-BF4B-00C04F79EFBC}") = "ios-c_sharp-demo", "ios-c_sharp-demo\ios-c_sharp-demo.csproj", "{CFFDA820-2BEB-4D65-8377-FFAFAF2DF198}"
EndProject
Project("{2150E333-8FDC-42A3-9474-1A3956D46DE8}") = "Solution Items", "Solution Items", "{DE33E6DD-3A31-4487-AE1C-13897D01BA15}"
EndProject
Global
	GlobalSection(SolutionConfigurationPlatforms) = preSolution
		Debug|iPhoneSimulator = Debug|iPhoneSimulator
		Release|iPhone = Release|iPhone
		Release|iPhoneSimulator = Release|iPhoneSimulator
		Debug|iPhone = Debug|iPhone
	EndGlobalSection
	GlobalSection(ProjectConfigurationPlatforms) = postSolution
		{CFFDA820-2BEB-4D65-8377-FFAFAF2DF198}.Debug|iPhoneSimulator.ActiveCfg = Debug|iPhoneSimulator
		{CFFDA820-2BEB-4D65-8377-FFAFAF2DF198}.Debug|iPhoneSimulator.Build.0 = Debug|iPhoneSimulator
		{CFFDA820-2BEB-4D65-8377-FFAFAF2DF198}.Release|iPhone.ActiveCfg = Release|iPhone
		{CFFDA820-2BEB-4D65-8377-FFAFAF2DF198}.Release|iPhone.Build.0 = Release|iPhone
		{CFFDA820-2BEB-4D65-8377-FFAFAF2DF198}.Release|iPhoneSimulator.ActiveCfg = Release|iPhoneSimulator
		{CFFDA820-2BEB-4D65-8377-FFAFAF2DF198}.Release|iPhoneSimulator.Build.0 = Release|iPhoneSimulator
		{CFFDA820-2BEB-4D65-8377-FFAFAF2DF198}.Debug|iPhone.ActiveCfg = Debug|iPhone
		{CFFDA820-2BEB-4D65-8377-FFAFAF2DF198}.Debug|iPhone.Build.0 = Debug|iPhone
	EndGlobalSection
EndGlobal
